// !$*UTF8*$!
{
	archiveVersion = 1;
	classes = {
	};
	objectVersion = 50;
	objects = {

/* Begin PBXBuildFile section */
		2BBD8A9B21AC7D5800008CEE /* AppDelegate.swift in Sources */ = {isa = PBXBuildFile; fileRef = 2BBD8A9A21AC7D5800008CEE /* AppDelegate.swift */; };
		2BBD8A9D21AC7D5800008CEE /* DataViewController.swift in Sources */ = {isa = PBXBuildFile; fileRef = 2BBD8A9C21AC7D5800008CEE /* DataViewController.swift */; };
		2BBD8AA021AC7D5800008CEE /* Main.storyboard in Resources */ = {isa = PBXBuildFile; fileRef = 2BBD8A9E21AC7D5800008CEE /* Main.storyboard */; };
		2BBD8AA221AC7D5A00008CEE /* Assets.xcassets in Resources */ = {isa = PBXBuildFile; fileRef = 2BBD8AA121AC7D5A00008CEE /* Assets.xcassets */; };
		2BBD8AA521AC7D5A00008CEE /* LaunchScreen.storyboard in Resources */ = {isa = PBXBuildFile; fileRef = 2BBD8AA321AC7D5A00008CEE /* LaunchScreen.storyboard */; };
/* End PBXBuildFile section */

/* Begin PBXFileReference section */
		2BBD8A9721AC7D5700008CEE /* DataProject.app */ = {isa = PBXFileReference; explicitFileType = wrapper.application; includeInIndex = 0; path = DataProject.app; sourceTree = BUILT_PRODUCTS_DIR; };
		2BBD8A9A21AC7D5800008CEE /* AppDelegate.swift */ = {isa = PBXFileReference; lastKnownFileType = sourcecode.swift; path = AppDelegate.swift; sourceTree = "<group>"; };
		2BBD8A9C21AC7D5800008CEE /* DataViewController.swift */ = {isa = PBXFileReference; lastKnownFileType = sourcecode.swift; path = DataViewController.swift; sourceTree = "<group>"; };
		2BBD8A9F21AC7D5800008CEE /* Base */ = {isa = PBXFileReference; lastKnownFileType = file.storyboard; name = Base; path = Base.lproj/Main.storyboard; sourceTree = "<group>"; };
		2BBD8AA121AC7D5A00008CEE /* Assets.xcassets */ = {isa = PBXFileReference; lastKnownFileType = folder.assetcatalog; path = Assets.xcassets; sourceTree = "<group>"; };
		2BBD8AA421AC7D5A00008CEE /* Base */ = {isa = PBXFileReference; lastKnownFileType = file.storyboard; name = Base; path = Base.lproj/LaunchScreen.storyboard; sourceTree = "<group>"; };
		2BBD8AA621AC7D5A00008CEE /* Info.plist */ = {isa = PBXFileReference; lastKnownFileType = text.plist.xml; path = Info.plist; sourceTree = "<group>"; };
/* End PBXFileReference section */

/* Begin PBXFrameworksBuildPhase section */
		2BBD8A9421AC7D5700008CEE /* Frameworks */ = {
			isa = PBXFrameworksBuildPhase;
			buildActionMask = 2147483647;
			files = (
			);
			runOnlyForDeploymentPostprocessing = 0;
		};
/* End PBXFrameworksBuildPhase section */

/* Begin PBXGroup section */
		2BBD8A8E21AC7D5700008CEE = {
			isa = PBXGroup;
			children = (
				2BBD8A9921AC7D5700008CEE /* DataProject */,
				2BBD8A9821AC7D5700008CEE /* Products */,
			);
			sourceTree = "<group>";
		};
		2BBD8A9821AC7D5700008CEE /* Products */ = {
			isa = PBXGroup;
			children = (
				2BBD8A9721AC7D5700008CEE /* DataProject.app */,
			);
			name = Products;
			sourceTree = "<group>";
		};
		2BBD8A9921AC7D5700008CEE /* DataProject */ = {
			isa = PBXGroup;
			children = (
				2BBD8AAC21AC7DA500008CEE /* Resources */,
				2BBD8AAD21AC7DBF00008CEE /* Controller */,
				2BBD8AAE21AC7DCB00008CEE /* View */,
			);
			path = DataProject;
			sourceTree = "<group>";
		};
		2BBD8AAC21AC7DA500008CEE /* Resources */ = {
			isa = PBXGroup;
			children = (
				2BBD8A9A21AC7D5800008CEE /* AppDelegate.swift */,
				2BBD8AA121AC7D5A00008CEE /* Assets.xcassets */,
				2BBD8AA621AC7D5A00008CEE /* Info.plist */,
			);
			path = Resources;
			sourceTree = "<group>";
		};
		2BBD8AAD21AC7DBF00008CEE /* Controller */ = {
			isa = PBXGroup;
			children = (
				2BBD8A9C21AC7D5800008CEE /* DataViewController.swift */,
			);
			path = Controller;
			sourceTree = "<group>";
		};
		2BBD8AAE21AC7DCB00008CEE /* View */ = {
			isa = PBXGroup;
			children = (
				2BBD8A9E21AC7D5800008CEE /* Main.storyboard */,
				2BBD8AA321AC7D5A00008CEE /* LaunchScreen.storyboard */,
			);
			path = View;
			sourceTree = "<group>";
		};
/* End PBXGroup section */

/* Begin PBXNativeTarget section */
		2BBD8A9621AC7D5700008CEE /* DataProject */ = {
			isa = PBXNativeTarget;
			buildConfigurationList = 2BBD8AA921AC7D5A00008CEE /* Build configuration list for PBXNativeTarget "DataProject" */;
			buildPhases = (
				2BBD8A9321AC7D5700008CEE /* Sources */,
				2BBD8A9421AC7D5700008CEE /* Frameworks */,
				2BBD8A9521AC7D5700008CEE /* Resources */,
			);
			buildRules = (
			);
			dependencies = (
			);
			name = DataProject;
			productName = DataProject;
			productReference = 2BBD8A9721AC7D5700008CEE /* DataProject.app */;
			productType = "com.apple.product-type.application";
		};
/* End PBXNativeTarget section */

/* Begin PBXProject section */
		2BBD8A8F21AC7D5700008CEE /* Project object */ = {
			isa = PBXProject;
			attributes = {
				LastSwiftUpdateCheck = 0940;
				LastUpgradeCheck = 0940;
				ORGANIZATIONNAME = CTEC;
				TargetAttributes = {
					2BBD8A9621AC7D5700008CEE = {
						CreatedOnToolsVersion = 9.4.1;
					};
				};
			};
			buildConfigurationList = 2BBD8A9221AC7D5700008CEE /* Build configuration list for PBXProject "DataProject" */;
			compatibilityVersion = "Xcode 9.3";
			developmentRegion = en;
			hasScannedForEncodings = 0;
			knownRegions = (
				en,
				Base,
			);
			mainGroup = 2BBD8A8E21AC7D5700008CEE;
			productRefGroup = 2BBD8A9821AC7D5700008CEE /* Products */;
			projectDirPath = "";
			projectRoot = "";
			targets = (
				2BBD8A9621AC7D5700008CEE /* DataProject */,
			);
		};
/* End PBXProject section */

/* Begin PBXResourcesBuildPhase section */
		2BBD8A9521AC7D5700008CEE /* Resources */ = {
			isa = PBXResourcesBuildPhase;
			buildActionMask = 2147483647;
			files = (
				2BBD8AA521AC7D5A00008CEE /* LaunchScreen.storyboard in Resources */,
				2BBD8AA221AC7D5A00008CEE /* Assets.xcassets in Resources */,
				2BBD8AA021AC7D5800008CEE /* Main.storyboard in Resources */,
			);
			runOnlyForDeploymentPostprocessing = 0;
		};
/* End PBXResourcesBuildPhase section */

/* Begin PBXSourcesBuildPhase section */
		2BBD8A9321AC7D5700008CEE /* Sources */ = {
			isa = PBXSourcesBuildPhase;
			buildActionMask = 2147483647;
			files = (
				2BBD8A9D21AC7D5800008CEE /* DataViewController.swift in Sources */,
				2BBD8A9B21AC7D5800008CEE /* AppDelegate.swift in Sources */,
			);
			runOnlyForDeploymentPostprocessing = 0;
		};
/* End PBXSourcesBuildPhase section */

/* Begin PBXVariantGroup section */
		2BBD8A9E21AC7D5800008CEE /* Main.storyboard */ = {
			isa = PBXVariantGroup;
			children = (
				2BBD8A9F21AC7D5800008CEE /* Base */,
			);
			name = Main.storyboard;
			sourceTree = "<group>";
		};
		2BBD8AA321AC7D5A00008CEE /* LaunchScreen.storyboard */ = {
			isa = PBXVariantGroup;
			children = (
				2BBD8AA421AC7D5A00008CEE /* Base */,
			);
			name = LaunchScreen.storyboard;
			sourceTree = "<group>";
		};
/* End PBXVariantGroup section */

/* Begin XCBuildConfiguration section */
		2BBD8AA721AC7D5A00008CEE /* Debug */ = {
			isa = XCBuildConfiguration;
			buildSettings = {
				ALWAYS_SEARCH_USER_PATHS = NO;
				CLANG_ANALYZER_NONNULL = YES;
				CLANG_ANALYZER_NUMBER_OBJECT_CONVERSION = YES_AGGRESSIVE;
				CLANG_CXX_LANGUAGE_STANDARD = "gnu++14";
				CLANG_CXX_LIBRARY = "libc++";
				CLANG_ENABLE_MODULES = YES;
				CLANG_ENABLE_OBJC_ARC = YES;
				CLANG_ENABLE_OBJC_WEAK = YES;
				CLANG_WARN_BLOCK_CAPTURE_AUTORELEASING = YES;
				CLANG_WARN_BOOL_CONVERSION = YES;
				CLANG_WARN_COMMA = YES;
				CLANG_WARN_CONSTANT_CONVERSION = YES;
				CLANG_WARN_DEPRECATED_OBJC_IMPLEMENTATIONS = YES;
				CLANG_WARN_DIRECT_OBJC_ISA_USAGE = YES_ERROR;
				CLANG_WARN_DOCUMENTATION_COMMENTS = YES;
				CLANG_WARN_EMPTY_BODY = YES;
				CLANG_WARN_ENUM_CONVERSION = YES;
				CLANG_WARN_INFINITE_RECURSION = YES;
				CLANG_WARN_INT_CONVERSION = YES;
				CLANG_WARN_NON_LITERAL_NULL_CONVERSION = YES;
				CLANG_WARN_OBJC_IMPLICIT_RETAIN_SELF = YES;
				CLANG_WARN_OBJC_LITERAL_CONVERSION = YES;
				CLANG_WARN_OBJC_ROOT_CLASS = YES_ERROR;
				CLANG_WARN_RANGE_LOOP_ANALYSIS = YES;
				CLANG_WARN_STRICT_PROTOTYPES = YES;
				CLANG_WARN_SUSPICIOUS_MOVE = YES;
				CLANG_WARN_UNGUARDED_AVAILABILITY = YES_AGGRESSIVE;
				CLANG_WARN_UNREACHABLE_CODE = YES;
				CLANG_WARN__DUPLICATE_METHOD_MATCH = YES;
				CODE_SIGN_IDENTITY = "iPhone Developer";
				COPY_PHASE_STRIP = NO;
				DEBUG_INFORMATION_FORMAT = dwarf;
				ENABLE_STRICT_OBJC_MSGSEND = YES;
				ENABLE_TESTABILITY = YES;
				GCC_C_LANGUAGE_STANDARD = gnu11;
				GCC_DYNAMIC_NO_PIC = NO;
				GCC_NO_COMMON_BLOCKS = YES;
				GCC_OPTIMIZATION_LEVEL = 0;
				GCC_PREPROCESSOR_DEFINITIONS = (
					"DEBUG=1",
					"$(inherited)",
				);
				GCC_WARN_64_TO_32_BIT_CONVERSION = YES;
				GCC_WARN_ABOUT_RETURN_TYPE = YES_ERROR;
				GCC_WARN_UNDECLARED_SELECTOR = YES;
				GCC_WARN_UNINITIALIZED_AUTOS = YES_AGGRESSIVE;
				GCC_WARN_UNUSED_FUNCTION = YES;
				GCC_WARN_UNUSED_VARIABLE = YES;
				IPHONEOS_DEPLOYMENT_TARGET = 11.4;
				MTL_ENABLE_DEBUG_INFO = YES;
				ONLY_ACTIVE_ARCH = YES;
				SDKROOT = iphoneos;
				SWIFT_ACTIVE_COMPILATION_CONDITIONS = DEBUG;
				SWIFT_OPTIMIZATION_LEVEL = "-Onone";
			};
			name = Debug;
		};
		2BBD8AA821AC7D5A00008CEE /* Release */ = {
			isa = XCBuildConfiguration;
			buildSettings = {
				ALWAYS_SEARCH_USER_PATHS = NO;
				CLANG_ANALYZER_NONNULL = YES;
				CLANG_ANALYZER_NUMBER_OBJECT_CONVERSION = YES_AGGRESSIVE;
				CLANG_CXX_LANGUAGE_STANDARD = "gnu++14";
				CLANG_CXX_LIBRARY = "libc++";
				CLANG_ENABLE_MODULES = YES;
				CLANG_ENABLE_OBJC_ARC = YES;
				CLANG_ENABLE_OBJC_WEAK = YES;
				CLANG_WARN_BLOCK_CAPTURE_AUTORELEASING = YES;
				CLANG_WARN_BOOL_CONVERSION = YES;
				CLANG_WARN_COMMA = YES;
				CLANG_WARN_CONSTANT_CONVERSION = YES;
				CLANG_WARN_DEPRECATED_OBJC_IMPLEMENTATIONS = YES;
				CLANG_WARN_DIRECT_OBJC_ISA_USAGE = YES_ERROR;
				CLANG_WARN_DOCUMENTATION_COMMENTS = YES;
				CLANG_WARN_EMPTY_BODY = YES;
				CLANG_WARN_ENUM_CONVERSION = YES;
				CLANG_WARN_INFINITE_RECURSION = YES;
				CLANG_WARN_INT_CONVERSION = YES;
				CLANG_WARN_NON_LITERAL_NULL_CONVERSION = YES;
				CLANG_WARN_OBJC_IMPLICIT_RETAIN_SELF = YES;
				CLANG_WARN_OBJC_LITERAL_CONVERSION = YES;
				CLANG_WARN_OBJC_ROOT_CLASS = YES_ERROR;
				CLANG_WARN_RANGE_LOOP_ANALYSIS = YES;
				CLANG_WARN_STRICT_PROTOTYPES = YES;
				CLANG_WARN_SUSPICIOUS_MOVE = YES;
				CLANG_WARN_UNGUARDED_AVAILABILITY = YES_AGGRESSIVE;
				CLANG_WARN_UNREACHABLE_CODE = YES;
				CLANG_WARN__DUPLICATE_METHOD_MATCH = YES;
				CODE_SIGN_IDENTITY = "iPhone Developer";
				COPY_PHASE_STRIP = NO;
				DEBUG_INFORMATION_FORMAT = "dwarf-with-dsym";
				ENABLE_NS_ASSERTIONS = NO;
				ENABLE_STRICT_OBJC_MSGSEND = YES;
				GCC_C_LANGUAGE_STANDARD = gnu11;
				GCC_NO_COMMON_BLOCKS = YES;
				GCC_WARN_64_TO_32_BIT_CONVERSION = YES;
				GCC_WARN_ABOUT_RETURN_TYPE = YES_ERROR;
				GCC_WARN_UNDECLARED_SELECTOR = YES;
				GCC_WARN_UNINITIALIZED_AUTOS = YES_AGGRESSIVE;
				GCC_WARN_UNUSED_FUNCTION = YES;
				GCC_WARN_UNUSED_VARIABLE = YES;
				IPHONEOS_DEPLOYMENT_TARGET = 11.4;
				MTL_ENABLE_DEBUG_INFO = NO;
				SDKROOT = iphoneos;
				SWIFT_COMPILATION_MODE = wholemodule;
				SWIFT_OPTIMIZATION_LEVEL = "-O";
				VALIDATE_PRODUCT = YES;
			};
			name = Release;
		};
		2BBD8AAA21AC7D5A00008CEE /* Debug */ = {
			isa = XCBuildConfiguration;
			buildSettings = {
				ASSETCATALOG_COMPILER_APPICON_NAME = AppIcon;
				CODE_SIGN_STYLE = Automatic;
				INFOPLIST_FILE = "$(SRCROOT)/DataProject/Resources/Info.plist";
				LD_RUNPATH_SEARCH_PATHS = (
					"$(inherited)",
					"@executable_path/Frameworks",
				);
				PRODUCT_BUNDLE_IDENTIFIER = CTEC.DataProject;
				PRODUCT_NAME = "$(TARGET_NAME)";
				SWIFT_VERSION = 4.0;
				TARGETED_DEVICE_FAMILY = "1,2";
			};
			name = Debug;
		};
		2BBD8AAB21AC7D5A00008CEE /* Release */ = {
			isa = XCBuildConfiguration;
			buildSettings = {
				ASSETCATALOG_COMPILER_APPICON_NAME = AppIcon;
				CODE_SIGN_STYLE = Automatic;
				INFOPLIST_FILE = "$(SRCROOT)/DataProject/Resources/Info.plist";
				LD_RUNPATH_SEARCH_PATHS = (
					"$(inherited)",
					"@executable_path/Frameworks",
				);
				PRODUCT_BUNDLE_IDENTIFIER = CTEC.DataProject;
				PRODUCT_NAME = "$(TARGET_NAME)";
				SWIFT_VERSION = 4.0;
				TARGETED_DEVICE_FAMILY = "1,2";
			};
			name = Release;
		};
/* End XCBuildConfiguration section */

/* Begin XCConfigurationList section */
		2BBD8A9221AC7D5700008CEE /* Build configuration list for PBXProject "DataProject" */ = {
			isa = XCConfigurationList;
			buildConfigurations = (
				2BBD8AA721AC7D5A00008CEE /* Debug */,
				2BBD8AA821AC7D5A00008CEE /* Release */,
			);
			defaultConfigurationIsVisible = 0;
			defaultConfigurationName = Release;
		};
		2BBD8AA921AC7D5A00008CEE /* Build configuration list for PBXNativeTarget "DataProject" */ = {
			isa = XCConfigurationList;
			buildConfigurations = (
				2BBD8AAA21AC7D5A00008CEE /* Debug */,
				2BBD8AAB21AC7D5A00008CEE /* Release */,
			);
			defaultConfigurationIsVisible = 0;
			defaultConfigurationName = Release;
		};
/* End XCConfigurationList section */
	};
	rootObject = 2BBD8A8F21AC7D5700008CEE /* Project object */;
}
